
Microsoft Visual Studio Solution File, Format Version 12.00
# Visual Studio 15
VisualStudioVersion = 15.0.28307.757
MinimumVisualStudioVersion = 10.0.40219.1
Project("{FAE04EC0-301F-11D3-BF4B-00C04F79EFBC}") = "BBCuentas", "BBCuentas\BBCuentas.csproj", "{D1993D21-463B-47F1-A9AE-888F7E32782D}"
EndProject
Project("{FAE04EC0-301F-11D3-BF4B-00C04F79EFBC}") = "DataLayer", "DataLayer\DataLayer.csproj", "{50BD6079-8715-4AA6-8D1F-0F8DF7314E36}"
EndProject
Project("{FAE04EC0-301F-11D3-BF4B-00C04F79EFBC}") = "BusinessLayer", "BusinessLayer\BusinessLayer.csproj", "{24789173-F315-4FBA-A1AF-89A51B8FD1C9}"
EndProject
Project("{FAE04EC0-301F-11D3-BF4B-00C04F79EFBC}") = "ModelLayer", "ModelLayer\ModelLayer.csproj", "{286D9A76-384D-4B1C-9E1D-C190F022CD1D}"
EndProject
Project("{FAE04EC0-301F-11D3-BF4B-00C04F79EFBC}") = "r3Take", "r3TakeDLLCS\r3Take.csproj", "{3E828396-1BB8-42BE-9A85-57EFCF577348}"
EndProject
Global
	GlobalSection(SolutionConfigurationPlatforms) = preSolution
		Debug|Any CPU = Debug|Any CPU
		Release|Any CPU = Release|Any CPU
	EndGlobalSection
	GlobalSection(ProjectConfigurationPlatforms) = postSolution
		{D1993D21-463B-47F1-A9AE-888F7E32782D}.Debug|Any CPU.ActiveCfg = Debug|Any CPU
		{D1993D21-463B-47F1-A9AE-888F7E32782D}.Debug|Any CPU.Build.0 = Debug|Any CPU
		{D1993D21-463B-47F1-A9AE-888F7E32782D}.Release|Any CPU.ActiveCfg = Release|Any CPU
		{D1993D21-463B-47F1-A9AE-888F7E32782D}.Release|Any CPU.Build.0 = Release|Any CPU
		{50BD6079-8715-4AA6-8D1F-0F8DF7314E36}.Debug|Any CPU.ActiveCfg = Debug|Any CPU
		{50BD6079-8715-4AA6-8D1F-0F8DF7314E36}.Debug|Any CPU.Build.0 = Debug|Any CPU
		{50BD6079-8715-4AA6-8D1F-0F8DF7314E36}.Release|Any CPU.ActiveCfg = Release|Any CPU
		{50BD6079-8715-4AA6-8D1F-0F8DF7314E36}.Release|Any CPU.Build.0 = Release|Any CPU
		{24789173-F315-4FBA-A1AF-89A51B8FD1C9}.Debug|Any CPU.ActiveCfg = Debug|Any CPU
		{24789173-F315-4FBA-A1AF-89A51B8FD1C9}.Debug|Any CPU.Build.0 = Debug|Any CPU
		{24789173-F315-4FBA-A1AF-89A51B8FD1C9}.Release|Any CPU.ActiveCfg = Release|Any CPU
		{24789173-F315-4FBA-A1AF-89A51B8FD1C9}.Release|Any CPU.Build.0 = Release|Any CPU
		{286D9A76-384D-4B1C-9E1D-C190F022CD1D}.Debug|Any CPU.ActiveCfg = Debug|Any CPU
		{286D9A76-384D-4B1C-9E1D-C190F022CD1D}.Debug|Any CPU.Build.0 = Debug|Any CPU
		{286D9A76-384D-4B1C-9E1D-C190F022CD1D}.Release|Any CPU.ActiveCfg = Release|Any CPU
		{286D9A76-384D-4B1C-9E1D-C190F022CD1D}.Release|Any CPU.Build.0 = Release|Any CPU
		{3E828396-1BB8-42BE-9A85-57EFCF577348}.Debug|Any CPU.ActiveCfg = Debug|Any CPU
		{3E828396-1BB8-42BE-9A85-57EFCF577348}.Debug|Any CPU.Build.0 = Debug|Any CPU
		{3E828396-1BB8-42BE-9A85-57EFCF577348}.Release|Any CPU.ActiveCfg = Release|Any CPU
		{3E828396-1BB8-42BE-9A85-57EFCF577348}.Release|Any CPU.Build.0 = Release|Any CPU
	EndGlobalSection
	GlobalSection(SolutionProperties) = preSolution
		HideSolutionNode = FALSE
	EndGlobalSection
	GlobalSection(ExtensibilityGlobals) = postSolution
		SolutionGuid = {34B42BE7-1D4A-4334-A84F-04A1B83C86DF}
	EndGlobalSection
EndGlobal
